
Microsoft Visual Studio Solution File, Format Version 12.00
# Visual Studio Version 16
VisualStudioVersion = 16.0.31129.286
MinimumVisualStudioVersion = 10.0.40219.1
Project("{FAE04EC0-301F-11D3-BF4B-00C04F79EFBC}") = "Email_Project", "Email_Project\Email_Project.csproj", "{9CF9D806-2AFF-4B88-8495-A2994123A20D}"
EndProject
Global
	GlobalSection(SolutionConfigurationPlatforms) = preSolution
		Debug|Any CPU = Debug|Any CPU
		Release|Any CPU = Release|Any CPU
	EndGlobalSection
	GlobalSection(ProjectConfigurationPlatforms) = postSolution
		{9CF9D806-2AFF-4B88-8495-A2994123A20D}.Debug|Any CPU.ActiveCfg = Debug|Any CPU
		{9CF9D806-2AFF-4B88-8495-A2994123A20D}.Debug|Any CPU.Build.0 = Debug|Any CPU
		{9CF9D806-2AFF-4B88-8495-A2994123A20D}.Release|Any CPU.ActiveCfg = Release|Any CPU
		{9CF9D806-2AFF-4B88-8495-A2994123A20D}.Release|Any CPU.Build.0 = Release|Any CPU
	EndGlobalSection
	GlobalSection(SolutionProperties) = preSolution
		HideSolutionNode = FALSE
	EndGlobalSection
	GlobalSection(ExtensibilityGlobals) = postSolution
		SolutionGuid = {D8142975-17F3-4DFB-AF34-9E99A7F8F617}
	EndGlobalSection
EndGlobal
